
Microsoft Visual Studio Solution File, Format Version 12.00
# Visual Studio Version 16
VisualStudioVersion = 16.0.30804.86
MinimumVisualStudioVersion = 10.0.40219.1
Project("{FAE04EC0-301F-11D3-BF4B-00C04F79EFBC}") = "Rendering", "Rendering\Rendering.csproj", "{12F9F56A-B482-4DDB-9AB5-8FCF22171EE7}"
EndProject
Global
	GlobalSection(SolutionConfigurationPlatforms) = preSolution
		Debug|Any CPU = Debug|Any CPU
		Release|Any CPU = Release|Any CPU
	EndGlobalSection
	GlobalSection(ProjectConfigurationPlatforms) = postSolution
		{12F9F56A-B482-4DDB-9AB5-8FCF22171EE7}.Debug|Any CPU.ActiveCfg = Debug|Any CPU
		{12F9F56A-B482-4DDB-9AB5-8FCF22171EE7}.Debug|Any CPU.Build.0 = Debug|Any CPU
		{12F9F56A-B482-4DDB-9AB5-8FCF22171EE7}.Release|Any CPU.ActiveCfg = Release|Any CPU
		{12F9F56A-B482-4DDB-9AB5-8FCF22171EE7}.Release|Any CPU.Build.0 = Release|Any CPU
	EndGlobalSection
	GlobalSection(SolutionProperties) = preSolution
		HideSolutionNode = FALSE
	EndGlobalSection
	GlobalSection(ExtensibilityGlobals) = postSolution
		SolutionGuid = {582019E9-459B-448E-B599-4EE6447F08F0}
	EndGlobalSection
EndGlobal
